
Microsoft Visual Studio Solution File, Format Version 12.00
# Visual Studio Version 17
VisualStudioVersion = 17.8.34330.188
MinimumVisualStudioVersion = 10.0.40219.1
Project("{FAE04EC0-301F-11D3-BF4B-00C04F79EFBC}") = "MvcStok", "MvcStok\MvcStok.csproj", "{0171F43F-DD5A-40E3-ACAA-79D41272FE1A}"
EndProject
Global
	GlobalSection(SolutionConfigurationPlatforms) = preSolution
		Debug|Any CPU = Debug|Any CPU
		Release|Any CPU = Release|Any CPU
	EndGlobalSection
	GlobalSection(ProjectConfigurationPlatforms) = postSolution
		{0171F43F-DD5A-40E3-ACAA-79D41272FE1A}.Debug|Any CPU.ActiveCfg = Debug|Any CPU
		{0171F43F-DD5A-40E3-ACAA-79D41272FE1A}.Debug|Any CPU.Build.0 = Debug|Any CPU
		{0171F43F-DD5A-40E3-ACAA-79D41272FE1A}.Release|Any CPU.ActiveCfg = Release|Any CPU
		{0171F43F-DD5A-40E3-ACAA-79D41272FE1A}.Release|Any CPU.Build.0 = Release|Any CPU
	EndGlobalSection
	GlobalSection(SolutionProperties) = preSolution
		HideSolutionNode = FALSE
	EndGlobalSection
	GlobalSection(ExtensibilityGlobals) = postSolution
		SolutionGuid = {A6D76907-2E5B-4A3B-AF16-233B9F41C932}
	EndGlobalSection
EndGlobal
